
Microsoft Visual Studio Solution File, Format Version 12.00
# Visual Studio Version 16
VisualStudioVersion = 16.0.30225.117
MinimumVisualStudioVersion = 10.0.40219.1
Project("{9A19103F-16F7-4668-BE54-9A1E7A4F7556}") = "exercise-8", "exercise-8.csproj", "{FBE3F00C-DAC9-4B96-AA67-8561A15D701C}"
EndProject
Project("{E53339B2-1760-4266-BCC7-CA923CBCF16C}") = "docker-compose", "docker-compose.dcproj", "{5E9A178B-6A7C-4E9D-B60C-18B9E4FF2FBA}"
EndProject
Global
	GlobalSection(SolutionConfigurationPlatforms) = preSolution
		Debug|Any CPU = Debug|Any CPU
		Release|Any CPU = Release|Any CPU
	EndGlobalSection
	GlobalSection(ProjectConfigurationPlatforms) = postSolution
		{FBE3F00C-DAC9-4B96-AA67-8561A15D701C}.Debug|Any CPU.ActiveCfg = Debug|Any CPU
		{FBE3F00C-DAC9-4B96-AA67-8561A15D701C}.Debug|Any CPU.Build.0 = Debug|Any CPU
		{FBE3F00C-DAC9-4B96-AA67-8561A15D701C}.Release|Any CPU.ActiveCfg = Release|Any CPU
		{FBE3F00C-DAC9-4B96-AA67-8561A15D701C}.Release|Any CPU.Build.0 = Release|Any CPU
		{5E9A178B-6A7C-4E9D-B60C-18B9E4FF2FBA}.Debug|Any CPU.ActiveCfg = Debug|Any CPU
		{5E9A178B-6A7C-4E9D-B60C-18B9E4FF2FBA}.Debug|Any CPU.Build.0 = Debug|Any CPU
		{5E9A178B-6A7C-4E9D-B60C-18B9E4FF2FBA}.Release|Any CPU.ActiveCfg = Release|Any CPU
		{5E9A178B-6A7C-4E9D-B60C-18B9E4FF2FBA}.Release|Any CPU.Build.0 = Release|Any CPU
	EndGlobalSection
	GlobalSection(SolutionProperties) = preSolution
		HideSolutionNode = FALSE
	EndGlobalSection
	GlobalSection(ExtensibilityGlobals) = postSolution
		SolutionGuid = {09E573A9-FE9C-472E-84CC-D040C4B3982F}
	EndGlobalSection
EndGlobal
